
Microsoft Visual Studio Solution File, Format Version 12.00
# Visual Studio Version 16
VisualStudioVersion = 16.0.29911.98
MinimumVisualStudioVersion = 10.0.40219.1
Project("{FAE04EC0-301F-11D3-BF4B-00C04F79EFBC}") = "ConsoleApp11", "ConsoleApp11\ConsoleApp11.csproj", "{77B7931B-4222-4051-9A93-C16DE15817BE}"
EndProject
Project("{FAE04EC0-301F-11D3-BF4B-00C04F79EFBC}") = "ClassLibrary1", "ClassLibrary1\ClassLibrary1.csproj", "{0712DA78-D288-40D8-A2E6-B737F356D6DD}"
EndProject
Project("{FAE04EC0-301F-11D3-BF4B-00C04F79EFBC}") = "ConsoleApp11.Tests", "UnitTestProject1\ConsoleApp11.Tests.csproj", "{E194923D-8188-4884-B88F-E3B19B868010}"
EndProject
Project("{FAE04EC0-301F-11D3-BF4B-00C04F79EFBC}") = "WebApplication1", "WebApplication1\WebApplication1.csproj", "{EE40DF52-324F-418E-B4F7-E11656347B93}"
EndProject
Project("{FAE04EC0-301F-11D3-BF4B-00C04F79EFBC}") = "WebApplication1Tests", "WebApplication1Tests\WebApplication1Tests.csproj", "{6FA48C8A-2A53-45FA-B34F-78639CA6C612}"
EndProject
Project("{2150E333-8FDC-42A3-9474-1A3956D46DE8}") = "Solution Items", "Solution Items", "{907DE4B0-2ABA-48A7-A011-FA910DC2836D}"
	ProjectSection(SolutionItems) = preProject
		.editorconfig = .editorconfig
		README.md = README.md
	EndProjectSection
EndProject
Global
	GlobalSection(SolutionConfigurationPlatforms) = preSolution
		Debug|Any CPU = Debug|Any CPU
		Release|Any CPU = Release|Any CPU
	EndGlobalSection
	GlobalSection(ProjectConfigurationPlatforms) = postSolution
		{77B7931B-4222-4051-9A93-C16DE15817BE}.Debug|Any CPU.ActiveCfg = Debug|Any CPU
		{77B7931B-4222-4051-9A93-C16DE15817BE}.Debug|Any CPU.Build.0 = Debug|Any CPU
		{77B7931B-4222-4051-9A93-C16DE15817BE}.Release|Any CPU.ActiveCfg = Release|Any CPU
		{77B7931B-4222-4051-9A93-C16DE15817BE}.Release|Any CPU.Build.0 = Release|Any CPU
		{0712DA78-D288-40D8-A2E6-B737F356D6DD}.Debug|Any CPU.ActiveCfg = Debug|Any CPU
		{0712DA78-D288-40D8-A2E6-B737F356D6DD}.Debug|Any CPU.Build.0 = Debug|Any CPU
		{0712DA78-D288-40D8-A2E6-B737F356D6DD}.Release|Any CPU.ActiveCfg = Release|Any CPU
		{0712DA78-D288-40D8-A2E6-B737F356D6DD}.Release|Any CPU.Build.0 = Release|Any CPU
		{E194923D-8188-4884-B88F-E3B19B868010}.Debug|Any CPU.ActiveCfg = Debug|Any CPU
		{E194923D-8188-4884-B88F-E3B19B868010}.Debug|Any CPU.Build.0 = Debug|Any CPU
		{E194923D-8188-4884-B88F-E3B19B868010}.Release|Any CPU.ActiveCfg = Release|Any CPU
		{E194923D-8188-4884-B88F-E3B19B868010}.Release|Any CPU.Build.0 = Release|Any CPU
		{EE40DF52-324F-418E-B4F7-E11656347B93}.Debug|Any CPU.ActiveCfg = Debug|Any CPU
		{EE40DF52-324F-418E-B4F7-E11656347B93}.Debug|Any CPU.Build.0 = Debug|Any CPU
		{EE40DF52-324F-418E-B4F7-E11656347B93}.Release|Any CPU.ActiveCfg = Release|Any CPU
		{EE40DF52-324F-418E-B4F7-E11656347B93}.Release|Any CPU.Build.0 = Release|Any CPU
		{6FA48C8A-2A53-45FA-B34F-78639CA6C612}.Debug|Any CPU.ActiveCfg = Debug|Any CPU
		{6FA48C8A-2A53-45FA-B34F-78639CA6C612}.Debug|Any CPU.Build.0 = Debug|Any CPU
		{6FA48C8A-2A53-45FA-B34F-78639CA6C612}.Release|Any CPU.ActiveCfg = Release|Any CPU
		{6FA48C8A-2A53-45FA-B34F-78639CA6C612}.Release|Any CPU.Build.0 = Release|Any CPU
	EndGlobalSection
	GlobalSection(SolutionProperties) = preSolution
		HideSolutionNode = FALSE
	EndGlobalSection
	GlobalSection(ExtensibilityGlobals) = postSolution
		SolutionGuid = {726BD94A-6D2A-4D18-A312-E5D5706FC8D3}
	EndGlobalSection
EndGlobal
